// !$*UTF8*$!
{
	archiveVersion = 1;
	classes = {
	};
	objectVersion = 48;
	objects = {

/* Begin PBXBuildFile section */
		0FE621B4355092CA77521F7F /* Pods_TwitchConsumerTest.framework in Frameworks */ = {isa = PBXBuildFile; fileRef = 4DEF562A12F290CD4BBE0210 /* Pods_TwitchConsumerTest.framework */; };
		77902BA12002C44600211168 /* apikey.plist in Resources */ = {isa = PBXBuildFile; fileRef = 77902BA02002C44600211168 /* apikey.plist */; };
		77902BA32002C97000211168 /* Podfile in Resources */ = {isa = PBXBuildFile; fileRef = 77902BA22002C97000211168 /* Podfile */; };
		77902BA62002D30400211168 /* TCMainViewController.swift in Sources */ = {isa = PBXBuildFile; fileRef = 77902BA42002D30400211168 /* TCMainViewController.swift */; };
		77902BA72002D30400211168 /* TCMainViewController.xib in Resources */ = {isa = PBXBuildFile; fileRef = 77902BA52002D30400211168 /* TCMainViewController.xib */; };
		77902BA92002D45800211168 /* TCNavigationViewController.swift in Sources */ = {isa = PBXBuildFile; fileRef = 77902BA82002D45800211168 /* TCNavigationViewController.swift */; };
		77902BAE2002D74B00211168 /* TCTopFeaturedCollectionViewCell.swift in Sources */ = {isa = PBXBuildFile; fileRef = 77902BAC2002D74B00211168 /* TCTopFeaturedCollectionViewCell.swift */; };
		77902BAF2002D74B00211168 /* TCTopFeaturedCollectionViewCell.xib in Resources */ = {isa = PBXBuildFile; fileRef = 77902BAD2002D74B00211168 /* TCTopFeaturedCollectionViewCell.xib */; };
		77902BB12002DF4E00211168 /* TCMainCollectionView.swift in Sources */ = {isa = PBXBuildFile; fileRef = 77902BB02002DF4E00211168 /* TCMainCollectionView.swift */; };
		77902BB72002E5BE00211168 /* TCGameCollectionViewCell.swift in Sources */ = {isa = PBXBuildFile; fileRef = 77902BB52002E5BE00211168 /* TCGameCollectionViewCell.swift */; };
		77902BB82002E5BE00211168 /* TCGameCollectionViewCell.xib in Resources */ = {isa = PBXBuildFile; fileRef = 77902BB62002E5BE00211168 /* TCGameCollectionViewCell.xib */; };
		77902BBB2002EAE900211168 /* TCDataSession.swift in Sources */ = {isa = PBXBuildFile; fileRef = 77902BBA2002EAE900211168 /* TCDataSession.swift */; };
		77902BBE2002F0C300211168 /* TwitchModels.swift in Sources */ = {isa = PBXBuildFile; fileRef = 77902BBD2002F0C300211168 /* TwitchModels.swift */; };
		77902BC020031CAA00211168 /* CellProtocols.swift in Sources */ = {isa = PBXBuildFile; fileRef = 77902BBF20031CAA00211168 /* CellProtocols.swift */; };
		77902BCB2003359000211168 /* TwitchConsumerTestTests.swift in Sources */ = {isa = PBXBuildFile; fileRef = 77902BCA2003359000211168 /* TwitchConsumerTestTests.swift */; };
		77A86FF42002B4C400279017 /* AppDelegate.swift in Sources */ = {isa = PBXBuildFile; fileRef = 77A86FF32002B4C400279017 /* AppDelegate.swift */; };
		77A86FFB2002B4C400279017 /* Assets.xcassets in Resources */ = {isa = PBXBuildFile; fileRef = 77A86FFA2002B4C400279017 /* Assets.xcassets */; };
		77A86FFE2002B4C400279017 /* LaunchScreen.storyboard in Resources */ = {isa = PBXBuildFile; fileRef = 77A86FFC2002B4C400279017 /* LaunchScreen.storyboard */; };
		77F727CA2003527D00FA8AE3 /* TCMainViewService.swift in Sources */ = {isa = PBXBuildFile; fileRef = 77F727C92003527D00FA8AE3 /* TCMainViewService.swift */; };
/* End PBXBuildFile section */

/* Begin PBXContainerItemProxy section */
		77902BCD2003359000211168 /* PBXContainerItemProxy */ = {
			isa = PBXContainerItemProxy;
			containerPortal = 77A86FE82002B4C400279017 /* Project object */;
			proxyType = 1;
			remoteGlobalIDString = 77A86FEF2002B4C400279017;
			remoteInfo = TwitchConsumerTest;
		};
/* End PBXContainerItemProxy section */

/* Begin PBXFileReference section */
		4DEF562A12F290CD4BBE0210 /* Pods_TwitchConsumerTest.framework */ = {isa = PBXFileReference; explicitFileType = wrapper.framework; includeInIndex = 0; path = Pods_TwitchConsumerTest.framework; sourceTree = BUILT_PRODUCTS_DIR; };
		77902BA02002C44600211168 /* apikey.plist */ = {isa = PBXFileReference; lastKnownFileType = text.plist.xml; path = apikey.plist; sourceTree = "<group>"; };
		77902BA22002C97000211168 /* Podfile */ = {isa = PBXFileReference; lastKnownFileType = text; path = Podfile; sourceTree = "<group>"; xcLanguageSpecificationIdentifier = xcode.lang.ruby; };
		77902BA42002D30400211168 /* TCMainViewController.swift */ = {isa = PBXFileReference; lastKnownFileType = sourcecode.swift; path = TCMainViewController.swift; sourceTree = "<group>"; };
		77902BA52002D30400211168 /* TCMainViewController.xib */ = {isa = PBXFileReference; lastKnownFileType = file.xib; path = TCMainViewController.xib; sourceTree = "<group>"; };
		77902BA82002D45800211168 /* TCNavigationViewController.swift */ = {isa = PBXFileReference; lastKnownFileType = sourcecode.swift; path = TCNavigationViewController.swift; sourceTree = "<group>"; };
		77902BAC2002D74B00211168 /* TCTopFeaturedCollectionViewCell.swift */ = {isa = PBXFileReference; lastKnownFileType = sourcecode.swift; path = TCTopFeaturedCollectionViewCell.swift; sourceTree = "<group>"; };
		77902BAD2002D74B00211168 /* TCTopFeaturedCollectionViewCell.xib */ = {isa = PBXFileReference; lastKnownFileType = file.xib; path = TCTopFeaturedCollectionViewCell.xib; sourceTree = "<group>"; };
		77902BB02002DF4E00211168 /* TCMainCollectionView.swift */ = {isa = PBXFileReference; lastKnownFileType = sourcecode.swift; path = TCMainCollectionView.swift; sourceTree = "<group>"; };
		77902BB52002E5BE00211168 /* TCGameCollectionViewCell.swift */ = {isa = PBXFileReference; lastKnownFileType = sourcecode.swift; path = TCGameCollectionViewCell.swift; sourceTree = "<group>"; };
		77902BB62002E5BE00211168 /* TCGameCollectionViewCell.xib */ = {isa = PBXFileReference; lastKnownFileType = file.xib; path = TCGameCollectionViewCell.xib; sourceTree = "<group>"; };
		77902BBA2002EAE900211168 /* TCDataSession.swift */ = {isa = PBXFileReference; lastKnownFileType = sourcecode.swift; path = TCDataSession.swift; sourceTree = "<group>"; };
		77902BBD2002F0C300211168 /* TwitchModels.swift */ = {isa = PBXFileReference; lastKnownFileType = sourcecode.swift; path = TwitchModels.swift; sourceTree = "<group>"; };
		77902BBF20031CAA00211168 /* CellProtocols.swift */ = {isa = PBXFileReference; lastKnownFileType = sourcecode.swift; path = CellProtocols.swift; sourceTree = "<group>"; };
		77902BC82003359000211168 /* TwitchConsumerTestTests.xctest */ = {isa = PBXFileReference; explicitFileType = wrapper.cfbundle; includeInIndex = 0; path = TwitchConsumerTestTests.xctest; sourceTree = BUILT_PRODUCTS_DIR; };
		77902BCA2003359000211168 /* TwitchConsumerTestTests.swift */ = {isa = PBXFileReference; lastKnownFileType = sourcecode.swift; path = TwitchConsumerTestTests.swift; sourceTree = "<group>"; };
		77902BCC2003359000211168 /* Info.plist */ = {isa = PBXFileReference; lastKnownFileType = text.plist.xml; path = Info.plist; sourceTree = "<group>"; };
		77A86FF02002B4C400279017 /* TwitchConsumerTest.app */ = {isa = PBXFileReference; explicitFileType = wrapper.application; includeInIndex = 0; path = TwitchConsumerTest.app; sourceTree = BUILT_PRODUCTS_DIR; };
		77A86FF32002B4C400279017 /* AppDelegate.swift */ = {isa = PBXFileReference; lastKnownFileType = sourcecode.swift; path = AppDelegate.swift; sourceTree = "<group>"; };
		77A86FFA2002B4C400279017 /* Assets.xcassets */ = {isa = PBXFileReference; lastKnownFileType = folder.assetcatalog; path = Assets.xcassets; sourceTree = "<group>"; };
		77A86FFD2002B4C400279017 /* Base */ = {isa = PBXFileReference; lastKnownFileType = file.storyboard; name = Base; path = Base.lproj/LaunchScreen.storyboard; sourceTree = "<group>"; };
		77A86FFF2002B4C400279017 /* Info.plist */ = {isa = PBXFileReference; lastKnownFileType = text.plist.xml; path = Info.plist; sourceTree = "<group>"; };
		77F727C92003527D00FA8AE3 /* TCMainViewService.swift */ = {isa = PBXFileReference; lastKnownFileType = sourcecode.swift; path = TCMainViewService.swift; sourceTree = "<group>"; };
		ACCEBF0386BE5095275FE93D /* Pods-TwitchConsumerTest.release.xcconfig */ = {isa = PBXFileReference; includeInIndex = 1; lastKnownFileType = text.xcconfig; name = "Pods-TwitchConsumerTest.release.xcconfig"; path = "Pods/Target Support Files/Pods-TwitchConsumerTest/Pods-TwitchConsumerTest.release.xcconfig"; sourceTree = "<group>"; };
		BAA1CBEBD70B2908D58BAC9F /* Pods-TwitchConsumerTest.debug.xcconfig */ = {isa = PBXFileReference; includeInIndex = 1; lastKnownFileType = text.xcconfig; name = "Pods-TwitchConsumerTest.debug.xcconfig"; path = "Pods/Target Support Files/Pods-TwitchConsumerTest/Pods-TwitchConsumerTest.debug.xcconfig"; sourceTree = "<group>"; };
/* End PBXFileReference section */

/* Begin PBXFrameworksBuildPhase section */
		77902BC52003359000211168 /* Frameworks */ = {
			isa = PBXFrameworksBuildPhase;
			buildActionMask = 2147483647;
			files = (
			);
			runOnlyForDeploymentPostprocessing = 0;
		};
		77A86FED2002B4C400279017 /* Frameworks */ = {
			isa = PBXFrameworksBuildPhase;
			buildActionMask = 2147483647;
			files = (
				0FE621B4355092CA77521F7F /* Pods_TwitchConsumerTest.framework in Frameworks */,
			);
			runOnlyForDeploymentPostprocessing = 0;
		};
/* End PBXFrameworksBuildPhase section */

/* Begin PBXGroup section */
		77902BAB2002D72E00211168 /* Top Featured Cell */ = {
			isa = PBXGroup;
			children = (
				77902BAC2002D74B00211168 /* TCTopFeaturedCollectionViewCell.swift */,
				77902BAD2002D74B00211168 /* TCTopFeaturedCollectionViewCell.xib */,
			);
			path = "Top Featured Cell";
			sourceTree = "<group>";
		};
		77902BB22002DF5000211168 /* Views */ = {
			isa = PBXGroup;
			children = (
				77902BB32002DF9A00211168 /* Main View */,
			);
			path = Views;
			sourceTree = "<group>";
		};
		77902BB32002DF9A00211168 /* Main View */ = {
			isa = PBXGroup;
			children = (
				77902BA82002D45800211168 /* TCNavigationViewController.swift */,
				77902BA42002D30400211168 /* TCMainViewController.swift */,
				77902BA52002D30400211168 /* TCMainViewController.xib */,
				77902BB02002DF4E00211168 /* TCMainCollectionView.swift */,
				77902BBF20031CAA00211168 /* CellProtocols.swift */,
				77902BAB2002D72E00211168 /* Top Featured Cell */,
				77902BB42002DFB100211168 /* Regular Game Cell */,
			);
			path = "Main View";
			sourceTree = "<group>";
		};
		77902BB42002DFB100211168 /* Regular Game Cell */ = {
			isa = PBXGroup;
			children = (
				77902BB52002E5BE00211168 /* TCGameCollectionViewCell.swift */,
				77902BB62002E5BE00211168 /* TCGameCollectionViewCell.xib */,
			);
			path = "Regular Game Cell";
			sourceTree = "<group>";
		};
		77902BB92002EAB700211168 /* Services */ = {
			isa = PBXGroup;
			children = (
				77902BBA2002EAE900211168 /* TCDataSession.swift */,
				77F727C92003527D00FA8AE3 /* TCMainViewService.swift */,
			);
			path = Services;
			sourceTree = "<group>";
		};
		77902BBC2002EAEC00211168 /* Models */ = {
			isa = PBXGroup;
			children = (
				77902BBD2002F0C300211168 /* TwitchModels.swift */,
			);
			path = Models;
			sourceTree = "<group>";
		};
		77902BC92003359000211168 /* TwitchConsumerTestTests */ = {
			isa = PBXGroup;
			children = (
				77902BCA2003359000211168 /* TwitchConsumerTestTests.swift */,
				77902BCC2003359000211168 /* Info.plist */,
			);
			path = TwitchConsumerTestTests;
			sourceTree = "<group>";
		};
		77A86FE72002B4C400279017 = {
			isa = PBXGroup;
			children = (
				77A86FF22002B4C400279017 /* TwitchConsumerTest */,
				77902BA22002C97000211168 /* Podfile */,
				77902BC92003359000211168 /* TwitchConsumerTestTests */,
				77A86FF12002B4C400279017 /* Products */,
				C6E938C589588560A6A59A15 /* Pods */,
				D691552779A45A1398C3E683 /* Frameworks */,
			);
			sourceTree = "<group>";
		};
		77A86FF12002B4C400279017 /* Products */ = {
			isa = PBXGroup;
			children = (
				77A86FF02002B4C400279017 /* TwitchConsumerTest.app */,
				77902BC82003359000211168 /* TwitchConsumerTestTests.xctest */,
			);
			name = Products;
			sourceTree = "<group>";
		};
		77A86FF22002B4C400279017 /* TwitchConsumerTest */ = {
			isa = PBXGroup;
			children = (
				77902BB92002EAB700211168 /* Services */,
				77902BBC2002EAEC00211168 /* Models */,
				77902BB22002DF5000211168 /* Views */,
				77A86FF32002B4C400279017 /* AppDelegate.swift */,
				77A86FFC2002B4C400279017 /* LaunchScreen.storyboard */,
				77A86FFA2002B4C400279017 /* Assets.xcassets */,
				77902BA02002C44600211168 /* apikey.plist */,
				77A86FFF2002B4C400279017 /* Info.plist */,
			);
			path = TwitchConsumerTest;
			sourceTree = "<group>";
		};
		C6E938C589588560A6A59A15 /* Pods */ = {
			isa = PBXGroup;
			children = (
				BAA1CBEBD70B2908D58BAC9F /* Pods-TwitchConsumerTest.debug.xcconfig */,
				ACCEBF0386BE5095275FE93D /* Pods-TwitchConsumerTest.release.xcconfig */,
			);
			name = Pods;
			sourceTree = "<group>";
		};
		D691552779A45A1398C3E683 /* Frameworks */ = {
			isa = PBXGroup;
			children = (
				4DEF562A12F290CD4BBE0210 /* Pods_TwitchConsumerTest.framework */,
			);
			name = Frameworks;
			sourceTree = "<group>";
		};
/* End PBXGroup section */

/* Begin PBXNativeTarget section */
		77902BC72003359000211168 /* TwitchConsumerTestTests */ = {
			isa = PBXNativeTarget;
			buildConfigurationList = 77902BCF2003359000211168 /* Build configuration list for PBXNativeTarget "TwitchConsumerTestTests" */;
			buildPhases = (
				77902BC42003359000211168 /* Sources */,
				77902BC52003359000211168 /* Frameworks */,
				77902BC62003359000211168 /* Resources */,
			);
			buildRules = (
			);
			dependencies = (
				77902BCE2003359000211168 /* PBXTargetDependency */,
			);
			name = TwitchConsumerTestTests;
			productName = TwitchConsumerTestTests;
			productReference = 77902BC82003359000211168 /* TwitchConsumerTestTests.xctest */;
			productType = "com.apple.product-type.bundle.unit-test";
		};
		77A86FEF2002B4C400279017 /* TwitchConsumerTest */ = {
			isa = PBXNativeTarget;
			buildConfigurationList = 77A870022002B4C400279017 /* Build configuration list for PBXNativeTarget "TwitchConsumerTest" */;
			buildPhases = (
				94341AEB227CDD89DE364EFB /* [CP] Check Pods Manifest.lock */,
				77A86FEC2002B4C400279017 /* Sources */,
				77A86FED2002B4C400279017 /* Frameworks */,
				77A86FEE2002B4C400279017 /* Resources */,
				81E4389459254C72864DED45 /* [CP] Embed Pods Frameworks */,
				29325DFD56F2ACBEBCD09BD0 /* [CP] Copy Pods Resources */,
			);
			buildRules = (
			);
			dependencies = (
			);
			name = TwitchConsumerTest;
			productName = TwitchConsumerTest;
			productReference = 77A86FF02002B4C400279017 /* TwitchConsumerTest.app */;
			productType = "com.apple.product-type.application";
		};
/* End PBXNativeTarget section */

/* Begin PBXProject section */
		77A86FE82002B4C400279017 /* Project object */ = {
			isa = PBXProject;
			attributes = {
				LastSwiftUpdateCheck = 0920;
				LastUpgradeCheck = 0920;
				ORGANIZATIONNAME = "Adam Ake";
				TargetAttributes = {
					77902BC72003359000211168 = {
						CreatedOnToolsVersion = 9.2;
						ProvisioningStyle = Automatic;
						TestTargetID = 77A86FEF2002B4C400279017;
					};
					77A86FEF2002B4C400279017 = {
						CreatedOnToolsVersion = 9.2;
						ProvisioningStyle = Automatic;
					};
				};
			};
			buildConfigurationList = 77A86FEB2002B4C400279017 /* Build configuration list for PBXProject "TwitchConsumerTest" */;
			compatibilityVersion = "Xcode 8.0";
			developmentRegion = en;
			hasScannedForEncodings = 0;
			knownRegions = (
				en,
				Base,
			);
			mainGroup = 77A86FE72002B4C400279017;
			productRefGroup = 77A86FF12002B4C400279017 /* Products */;
			projectDirPath = "";
			projectRoot = "";
			targets = (
				77A86FEF2002B4C400279017 /* TwitchConsumerTest */,
				77902BC72003359000211168 /* TwitchConsumerTestTests */,
			);
		};
/* End PBXProject section */

/* Begin PBXResourcesBuildPhase section */
		77902BC62003359000211168 /* Resources */ = {
			isa = PBXResourcesBuildPhase;
			buildActionMask = 2147483647;
			files = (
			);
			runOnlyForDeploymentPostprocessing = 0;
		};
		77A86FEE2002B4C400279017 /* Resources */ = {
			isa = PBXResourcesBuildPhase;
			buildActionMask = 2147483647;
			files = (
				77902BA72002D30400211168 /* TCMainViewController.xib in Resources */,
				77902BA32002C97000211168 /* Podfile in Resources */,
				77A86FFE2002B4C400279017 /* LaunchScreen.storyboard in Resources */,
				77902BAF2002D74B00211168 /* TCTopFeaturedCollectionViewCell.xib in Resources */,
				77902BB82002E5BE00211168 /* TCGameCollectionViewCell.xib in Resources */,
				77902BA12002C44600211168 /* apikey.plist in Resources */,
				77A86FFB2002B4C400279017 /* Assets.xcassets in Resources */,
			);
			runOnlyForDeploymentPostprocessing = 0;
		};
/* End PBXResourcesBuildPhase section */

/* Begin PBXShellScriptBuildPhase section */
		29325DFD56F2ACBEBCD09BD0 /* [CP] Copy Pods Resources */ = {
			isa = PBXShellScriptBuildPhase;
			buildActionMask = 2147483647;
			files = (
			);
			inputPaths = (
			);
			name = "[CP] Copy Pods Resources";
			outputPaths = (
			);
			runOnlyForDeploymentPostprocessing = 0;
			shellPath = /bin/sh;
			shellScript = "\"${SRCROOT}/Pods/Target Support Files/Pods-TwitchConsumerTest/Pods-TwitchConsumerTest-resources.sh\"\n";
			showEnvVarsInLog = 0;
		};
		81E4389459254C72864DED45 /* [CP] Embed Pods Frameworks */ = {
			isa = PBXShellScriptBuildPhase;
			buildActionMask = 2147483647;
			files = (
			);
			inputPaths = (
				"${SRCROOT}/Pods/Target Support Files/Pods-TwitchConsumerTest/Pods-TwitchConsumerTest-frameworks.sh",
				"${BUILT_PRODUCTS_DIR}/Alamofire/Alamofire.framework",
				"${BUILT_PRODUCTS_DIR}/PromiseKit/PromiseKit.framework",
			);
			name = "[CP] Embed Pods Frameworks";
			outputPaths = (
				"${TARGET_BUILD_DIR}/${FRAMEWORKS_FOLDER_PATH}/Alamofire.framework",
				"${TARGET_BUILD_DIR}/${FRAMEWORKS_FOLDER_PATH}/PromiseKit.framework",
			);
			runOnlyForDeploymentPostprocessing = 0;
			shellPath = /bin/sh;
			shellScript = "\"${SRCROOT}/Pods/Target Support Files/Pods-TwitchConsumerTest/Pods-TwitchConsumerTest-frameworks.sh\"\n";
			showEnvVarsInLog = 0;
		};
		94341AEB227CDD89DE364EFB /* [CP] Check Pods Manifest.lock */ = {
			isa = PBXShellScriptBuildPhase;
			buildActionMask = 2147483647;
			files = (
			);
			inputPaths = (
				"${PODS_PODFILE_DIR_PATH}/Podfile.lock",
				"${PODS_ROOT}/Manifest.lock",
			);
			name = "[CP] Check Pods Manifest.lock";
			outputPaths = (
				"$(DERIVED_FILE_DIR)/Pods-TwitchConsumerTest-checkManifestLockResult.txt",
			);
			runOnlyForDeploymentPostprocessing = 0;
			shellPath = /bin/sh;
			shellScript = "diff \"${PODS_PODFILE_DIR_PATH}/Podfile.lock\" \"${PODS_ROOT}/Manifest.lock\" > /dev/null\nif [ $? != 0 ] ; then\n    # print error to STDERR\n    echo \"error: The sandbox is not in sync with the Podfile.lock. Run 'pod install' or update your CocoaPods installation.\" >&2\n    exit 1\nfi\n# This output is used by Xcode 'outputs' to avoid re-running this script phase.\necho \"SUCCESS\" > \"${SCRIPT_OUTPUT_FILE_0}\"\n";
			showEnvVarsInLog = 0;
		};
/* End PBXShellScriptBuildPhase section */

/* Begin PBXSourcesBuildPhase section */
		77902BC42003359000211168 /* Sources */ = {
			isa = PBXSourcesBuildPhase;
			buildActionMask = 2147483647;
			files = (
				77902BCB2003359000211168 /* TwitchConsumerTestTests.swift in Sources */,
			);
			runOnlyForDeploymentPostprocessing = 0;
		};
		77A86FEC2002B4C400279017 /* Sources */ = {
			isa = PBXSourcesBuildPhase;
			buildActionMask = 2147483647;
			files = (
				77902BBB2002EAE900211168 /* TCDataSession.swift in Sources */,
				77902BA62002D30400211168 /* TCMainViewController.swift in Sources */,
				77F727CA2003527D00FA8AE3 /* TCMainViewService.swift in Sources */,
				77902BAE2002D74B00211168 /* TCTopFeaturedCollectionViewCell.swift in Sources */,
				77902BA92002D45800211168 /* TCNavigationViewController.swift in Sources */,
				77902BBE2002F0C300211168 /* TwitchModels.swift in Sources */,
				77A86FF42002B4C400279017 /* AppDelegate.swift in Sources */,
				77902BB12002DF4E00211168 /* TCMainCollectionView.swift in Sources */,
				77902BB72002E5BE00211168 /* TCGameCollectionViewCell.swift in Sources */,
				77902BC020031CAA00211168 /* CellProtocols.swift in Sources */,
			);
			runOnlyForDeploymentPostprocessing = 0;
		};
/* End PBXSourcesBuildPhase section */

/* Begin PBXTargetDependency section */
		77902BCE2003359000211168 /* PBXTargetDependency */ = {
			isa = PBXTargetDependency;
			target = 77A86FEF2002B4C400279017 /* TwitchConsumerTest */;
			targetProxy = 77902BCD2003359000211168 /* PBXContainerItemProxy */;
		};
/* End PBXTargetDependency section */

/* Begin PBXVariantGroup section */
		77A86FFC2002B4C400279017 /* LaunchScreen.storyboard */ = {
			isa = PBXVariantGroup;
			children = (
				77A86FFD2002B4C400279017 /* Base */,
			);
			name = LaunchScreen.storyboard;
			sourceTree = "<group>";
		};
/* End PBXVariantGroup section */

/* Begin XCBuildConfiguration section */
		77902BD02003359000211168 /* Debug */ = {
			isa = XCBuildConfiguration;
			buildSettings = {
				BUNDLE_LOADER = "$(TEST_HOST)";
				CODE_SIGN_STYLE = Automatic;
				DEVELOPMENT_TEAM = UJB5AHZ8FR;
				INFOPLIST_FILE = TwitchConsumerTestTests/Info.plist;
				LD_RUNPATH_SEARCH_PATHS = "$(inherited) @executable_path/Frameworks @loader_path/Frameworks";
				PRODUCT_BUNDLE_IDENTIFIER = AdamAke.TwitchConsumerTestTests;
				PRODUCT_NAME = "$(TARGET_NAME)";
				SWIFT_VERSION = 4.0;
				TARGETED_DEVICE_FAMILY = "1,2";
				TEST_HOST = "$(BUILT_PRODUCTS_DIR)/TwitchConsumerTest.app/TwitchConsumerTest";
			};
			name = Debug;
		};
		77902BD12003359000211168 /* Release */ = {
			isa = XCBuildConfiguration;
			buildSettings = {
				BUNDLE_LOADER = "$(TEST_HOST)";
				CODE_SIGN_STYLE = Automatic;
				DEVELOPMENT_TEAM = UJB5AHZ8FR;
				INFOPLIST_FILE = TwitchConsumerTestTests/Info.plist;
				LD_RUNPATH_SEARCH_PATHS = "$(inherited) @executable_path/Frameworks @loader_path/Frameworks";
				PRODUCT_BUNDLE_IDENTIFIER = AdamAke.TwitchConsumerTestTests;
				PRODUCT_NAME = "$(TARGET_NAME)";
				SWIFT_VERSION = 4.0;
				TARGETED_DEVICE_FAMILY = "1,2";
				TEST_HOST = "$(BUILT_PRODUCTS_DIR)/TwitchConsumerTest.app/TwitchConsumerTest";
			};
			name = Release;
		};
		77A870002002B4C400279017 /* Debug */ = {
			isa = XCBuildConfiguration;
			buildSettings = {
				ALWAYS_SEARCH_USER_PATHS = NO;
				CLANG_ANALYZER_NONNULL = YES;
				CLANG_ANALYZER_NUMBER_OBJECT_CONVERSION = YES_AGGRESSIVE;
				CLANG_CXX_LANGUAGE_STANDARD = "gnu++14";
				CLANG_CXX_LIBRARY = "libc++";
				CLANG_ENABLE_MODULES = YES;
				CLANG_ENABLE_OBJC_ARC = YES;
				CLANG_WARN_BLOCK_CAPTURE_AUTORELEASING = YES;
				CLANG_WARN_BOOL_CONVERSION = YES;
				CLANG_WARN_COMMA = YES;
				CLANG_WARN_CONSTANT_CONVERSION = YES;
				CLANG_WARN_DIRECT_OBJC_ISA_USAGE = YES_ERROR;
				CLANG_WARN_DOCUMENTATION_COMMENTS = YES;
				CLANG_WARN_EMPTY_BODY = YES;
				CLANG_WARN_ENUM_CONVERSION = YES;
				CLANG_WARN_INFINITE_RECURSION = YES;
				CLANG_WARN_INT_CONVERSION = YES;
				CLANG_WARN_NON_LITERAL_NULL_CONVERSION = YES;
				CLANG_WARN_OBJC_LITERAL_CONVERSION = YES;
				CLANG_WARN_OBJC_ROOT_CLASS = YES_ERROR;
				CLANG_WARN_RANGE_LOOP_ANALYSIS = YES;
				CLANG_WARN_STRICT_PROTOTYPES = YES;
				CLANG_WARN_SUSPICIOUS_MOVE = YES;
				CLANG_WARN_UNGUARDED_AVAILABILITY = YES_AGGRESSIVE;
				CLANG_WARN_UNREACHABLE_CODE = YES;
				CLANG_WARN__DUPLICATE_METHOD_MATCH = YES;
				CODE_SIGN_IDENTITY = "iPhone Developer";
				COPY_PHASE_STRIP = NO;
				DEBUG_INFORMATION_FORMAT = dwarf;
				ENABLE_STRICT_OBJC_MSGSEND = YES;
				ENABLE_TESTABILITY = YES;
				GCC_C_LANGUAGE_STANDARD = gnu11;
				GCC_DYNAMIC_NO_PIC = NO;
				GCC_NO_COMMON_BLOCKS = YES;
				GCC_OPTIMIZATION_LEVEL = 0;
				GCC_PREPROCESSOR_DEFINITIONS = (
					"DEBUG=1",
					"$(inherited)",
				);
				GCC_WARN_64_TO_32_BIT_CONVERSION = YES;
				GCC_WARN_ABOUT_RETURN_TYPE = YES_ERROR;
				GCC_WARN_UNDECLARED_SELECTOR = YES;
				GCC_WARN_UNINITIALIZED_AUTOS = YES_AGGRESSIVE;
				GCC_WARN_UNUSED_FUNCTION = YES;
				GCC_WARN_UNUSED_VARIABLE = YES;
				IPHONEOS_DEPLOYMENT_TARGET = 11.2;
				MTL_ENABLE_DEBUG_INFO = YES;
				ONLY_ACTIVE_ARCH = YES;
				SDKROOT = iphoneos;
				SWIFT_ACTIVE_COMPILATION_CONDITIONS = DEBUG;
				SWIFT_OPTIMIZATION_LEVEL = "-Onone";
			};
			name = Debug;
		};
		77A870012002B4C400279017 /* Release */ = {
			isa = XCBuildConfiguration;
			buildSettings = {
				ALWAYS_SEARCH_USER_PATHS = NO;
				CLANG_ANALYZER_NONNULL = YES;
				CLANG_ANALYZER_NUMBER_OBJECT_CONVERSION = YES_AGGRESSIVE;
				CLANG_CXX_LANGUAGE_STANDARD = "gnu++14";
				CLANG_CXX_LIBRARY = "libc++";
				CLANG_ENABLE_MODULES = YES;
				CLANG_ENABLE_OBJC_ARC = YES;
				CLANG_WARN_BLOCK_CAPTURE_AUTORELEASING = YES;
				CLANG_WARN_BOOL_CONVERSION = YES;
				CLANG_WARN_COMMA = YES;
				CLANG_WARN_CONSTANT_CONVERSION = YES;
				CLANG_WARN_DIRECT_OBJC_ISA_USAGE = YES_ERROR;
				CLANG_WARN_DOCUMENTATION_COMMENTS = YES;
				CLANG_WARN_EMPTY_BODY = YES;
				CLANG_WARN_ENUM_CONVERSION = YES;
				CLANG_WARN_INFINITE_RECURSION = YES;
				CLANG_WARN_INT_CONVERSION = YES;
				CLANG_WARN_NON_LITERAL_NULL_CONVERSION = YES;
				CLANG_WARN_OBJC_LITERAL_CONVERSION = YES;
				CLANG_WARN_OBJC_ROOT_CLASS = YES_ERROR;
				CLANG_WARN_RANGE_LOOP_ANALYSIS = YES;
				CLANG_WARN_STRICT_PROTOTYPES = YES;
				CLANG_WARN_SUSPICIOUS_MOVE = YES;
				CLANG_WARN_UNGUARDED_AVAILABILITY = YES_AGGRESSIVE;
				CLANG_WARN_UNREACHABLE_CODE = YES;
				CLANG_WARN__DUPLICATE_METHOD_MATCH = YES;
				CODE_SIGN_IDENTITY = "iPhone Developer";
				COPY_PHASE_STRIP = NO;
				DEBUG_INFORMATION_FORMAT = "dwarf-with-dsym";
				ENABLE_NS_ASSERTIONS = NO;
				ENABLE_STRICT_OBJC_MSGSEND = YES;
				GCC_C_LANGUAGE_STANDARD = gnu11;
				GCC_NO_COMMON_BLOCKS = YES;
				GCC_WARN_64_TO_32_BIT_CONVERSION = YES;
				GCC_WARN_ABOUT_RETURN_TYPE = YES_ERROR;
				GCC_WARN_UNDECLARED_SELECTOR = YES;
				GCC_WARN_UNINITIALIZED_AUTOS = YES_AGGRESSIVE;
				GCC_WARN_UNUSED_FUNCTION = YES;
				GCC_WARN_UNUSED_VARIABLE = YES;
				IPHONEOS_DEPLOYMENT_TARGET = 11.2;
				MTL_ENABLE_DEBUG_INFO = NO;
				SDKROOT = iphoneos;
				SWIFT_OPTIMIZATION_LEVEL = "-Owholemodule";
				VALIDATE_PRODUCT = YES;
			};
			name = Release;
		};
		77A870032002B4C400279017 /* Debug */ = {
			isa = XCBuildConfiguration;
			baseConfigurationReference = BAA1CBEBD70B2908D58BAC9F /* Pods-TwitchConsumerTest.debug.xcconfig */;
			buildSettings = {
				ASSETCATALOG_COMPILER_APPICON_NAME = AppIcon;
				CODE_SIGN_STYLE = Automatic;
				DEVELOPMENT_TEAM = UJB5AHZ8FR;
				INFOPLIST_FILE = TwitchConsumerTest/Info.plist;
				LD_RUNPATH_SEARCH_PATHS = "$(inherited) @executable_path/Frameworks";
				PRODUCT_BUNDLE_IDENTIFIER = AdamAke.TwitchConsumerTest;
				PRODUCT_NAME = "$(TARGET_NAME)";
				SWIFT_VERSION = 4.0;
				TARGETED_DEVICE_FAMILY = 1;
			};
			name = Debug;
		};
		77A870042002B4C400279017 /* Release */ = {
			isa = XCBuildConfiguration;
			baseConfigurationReference = ACCEBF0386BE5095275FE93D /* Pods-TwitchConsumerTest.release.xcconfig */;
			buildSettings = {
				ASSETCATALOG_COMPILER_APPICON_NAME = AppIcon;
				CODE_SIGN_STYLE = Automatic;
				DEVELOPMENT_TEAM = UJB5AHZ8FR;
				INFOPLIST_FILE = TwitchConsumerTest/Info.plist;
				LD_RUNPATH_SEARCH_PATHS = "$(inherited) @executable_path/Frameworks";
				PRODUCT_BUNDLE_IDENTIFIER = AdamAke.TwitchConsumerTest;
				PRODUCT_NAME = "$(TARGET_NAME)";
				SWIFT_VERSION = 4.0;
				TARGETED_DEVICE_FAMILY = 1;
			};
			name = Release;
		};
/* End XCBuildConfiguration section */

/* Begin XCConfigurationList section */
		77902BCF2003359000211168 /* Build configuration list for PBXNativeTarget "TwitchConsumerTestTests" */ = {
			isa = XCConfigurationList;
			buildConfigurations = (
				77902BD02003359000211168 /* Debug */,
				77902BD12003359000211168 /* Release */,
			);
			defaultConfigurationIsVisible = 0;
			defaultConfigurationName = Release;
		};
		77A86FEB2002B4C400279017 /* Build configuration list for PBXProject "TwitchConsumerTest" */ = {
			isa = XCConfigurationList;
			buildConfigurations = (
				77A870002002B4C400279017 /* Debug */,
				77A870012002B4C400279017 /* Release */,
			);
			defaultConfigurationIsVisible = 0;
			defaultConfigurationName = Release;
		};
		77A870022002B4C400279017 /* Build configuration list for PBXNativeTarget "TwitchConsumerTest" */ = {
			isa = XCConfigurationList;
			buildConfigurations = (
				77A870032002B4C400279017 /* Debug */,
				77A870042002B4C400279017 /* Release */,
			);
			defaultConfigurationIsVisible = 0;
			defaultConfigurationName = Release;
		};
/* End XCConfigurationList section */
	};
	rootObject = 77A86FE82002B4C400279017 /* Project object */;
}
